
Microsoft Visual Studio Solution File, Format Version 12.00
# Visual Studio Version 17
VisualStudioVersion = 17.1.32414.318
MinimumVisualStudioVersion = 10.0.40219.1
Project("{FAE04EC0-301F-11D3-BF4B-00C04F79EFBC}") = "AlunosAPI", "AlunosAPI\AlunosAPI.csproj", "{9104C177-4828-49C2-A963-8AA24CEABCCD}"
EndProject
Global
	GlobalSection(SolutionConfigurationPlatforms) = preSolution
		Debug|Any CPU = Debug|Any CPU
		Release|Any CPU = Release|Any CPU
	EndGlobalSection
	GlobalSection(ProjectConfigurationPlatforms) = postSolution
		{9104C177-4828-49C2-A963-8AA24CEABCCD}.Debug|Any CPU.ActiveCfg = Debug|Any CPU
		{9104C177-4828-49C2-A963-8AA24CEABCCD}.Debug|Any CPU.Build.0 = Debug|Any CPU
		{9104C177-4828-49C2-A963-8AA24CEABCCD}.Release|Any CPU.ActiveCfg = Release|Any CPU
		{9104C177-4828-49C2-A963-8AA24CEABCCD}.Release|Any CPU.Build.0 = Release|Any CPU
	EndGlobalSection
	GlobalSection(SolutionProperties) = preSolution
		HideSolutionNode = FALSE
	EndGlobalSection
	GlobalSection(ExtensibilityGlobals) = postSolution
		SolutionGuid = {776DB14E-0CD8-4B51-B3D8-9F62617E49C6}
	EndGlobalSection
EndGlobal
